
Microsoft Visual Studio Solution File, Format Version 12.00
# Visual Studio 15
VisualStudioVersion = 15.0.28307.329
MinimumVisualStudioVersion = 10.0.40219.1
Project("{FAE04EC0-301F-11D3-BF4B-00C04F79EFBC}") = "BitchainLearning", "BitchainLearning\BitchainLearning.csproj", "{5055F970-FDD4-4E6A-851B-DFC2E82F75DF}"
EndProject
Global
	GlobalSection(SolutionConfigurationPlatforms) = preSolution
		Debug|Any CPU = Debug|Any CPU
		Release|Any CPU = Release|Any CPU
	EndGlobalSection
	GlobalSection(ProjectConfigurationPlatforms) = postSolution
		{5055F970-FDD4-4E6A-851B-DFC2E82F75DF}.Debug|Any CPU.ActiveCfg = Debug|Any CPU
		{5055F970-FDD4-4E6A-851B-DFC2E82F75DF}.Debug|Any CPU.Build.0 = Debug|Any CPU
		{5055F970-FDD4-4E6A-851B-DFC2E82F75DF}.Release|Any CPU.ActiveCfg = Release|Any CPU
		{5055F970-FDD4-4E6A-851B-DFC2E82F75DF}.Release|Any CPU.Build.0 = Release|Any CPU
	EndGlobalSection
	GlobalSection(SolutionProperties) = preSolution
		HideSolutionNode = FALSE
	EndGlobalSection
	GlobalSection(ExtensibilityGlobals) = postSolution
		SolutionGuid = {83064E6F-3CF5-47C5-BFFB-4F2E3D425C7F}
	EndGlobalSection
EndGlobal
